
Microsoft Visual Studio Solution File, Format Version 12.00
# Visual Studio Version 17
VisualStudioVersion = 17.6.33829.357
MinimumVisualStudioVersion = 10.0.40219.1
Project("{FAE04EC0-301F-11D3-BF4B-00C04F79EFBC}") = "HouseWork", "HouseWork\HouseWork.csproj", "{402EFDC1-7553-4362-B9CD-820ED58CB377}"
EndProject
Project("{FAE04EC0-301F-11D3-BF4B-00C04F79EFBC}") = "MusicOnline", "MusicOnline\MusicOnline.csproj", "{2681ABBA-5337-4299-887E-F7151B0EC7C2}"
EndProject
Global
	GlobalSection(SolutionConfigurationPlatforms) = preSolution
		Debug|Any CPU = Debug|Any CPU
		Release|Any CPU = Release|Any CPU
	EndGlobalSection
	GlobalSection(ProjectConfigurationPlatforms) = postSolution
		{402EFDC1-7553-4362-B9CD-820ED58CB377}.Debug|Any CPU.ActiveCfg = Debug|Any CPU
		{402EFDC1-7553-4362-B9CD-820ED58CB377}.Debug|Any CPU.Build.0 = Debug|Any CPU
		{402EFDC1-7553-4362-B9CD-820ED58CB377}.Release|Any CPU.ActiveCfg = Release|Any CPU
		{402EFDC1-7553-4362-B9CD-820ED58CB377}.Release|Any CPU.Build.0 = Release|Any CPU
		{2681ABBA-5337-4299-887E-F7151B0EC7C2}.Debug|Any CPU.ActiveCfg = Debug|Any CPU
		{2681ABBA-5337-4299-887E-F7151B0EC7C2}.Debug|Any CPU.Build.0 = Debug|Any CPU
		{2681ABBA-5337-4299-887E-F7151B0EC7C2}.Release|Any CPU.ActiveCfg = Release|Any CPU
		{2681ABBA-5337-4299-887E-F7151B0EC7C2}.Release|Any CPU.Build.0 = Release|Any CPU
	EndGlobalSection
	GlobalSection(SolutionProperties) = preSolution
		HideSolutionNode = FALSE
	EndGlobalSection
	GlobalSection(ExtensibilityGlobals) = postSolution
		SolutionGuid = {D562A819-ABB9-4FB3-AB57-228F5FA733E7}
	EndGlobalSection
EndGlobal
